
Microsoft Visual Studio Solution File, Format Version 12.00
# Visual Studio Version 17
VisualStudioVersion = 17.6.34031.178
MinimumVisualStudioVersion = 10.0.40219.1
Project("{FAE04EC0-301F-11D3-BF4B-00C04F79EFBC}") = "ITClassProject", "ITClassProject.csproj", "{A36DD0C2-2241-4B0B-ACFB-269ECBE8A938}"
EndProject
Global
	GlobalSection(SolutionConfigurationPlatforms) = preSolution
		Debug|Any CPU = Debug|Any CPU
		Release|Any CPU = Release|Any CPU
	EndGlobalSection
	GlobalSection(ProjectConfigurationPlatforms) = postSolution
		{A36DD0C2-2241-4B0B-ACFB-269ECBE8A938}.Debug|Any CPU.ActiveCfg = Debug|Any CPU
		{A36DD0C2-2241-4B0B-ACFB-269ECBE8A938}.Debug|Any CPU.Build.0 = Debug|Any CPU
		{A36DD0C2-2241-4B0B-ACFB-269ECBE8A938}.Release|Any CPU.ActiveCfg = Release|Any CPU
		{A36DD0C2-2241-4B0B-ACFB-269ECBE8A938}.Release|Any CPU.Build.0 = Release|Any CPU
	EndGlobalSection
	GlobalSection(SolutionProperties) = preSolution
		HideSolutionNode = FALSE
	EndGlobalSection
	GlobalSection(ExtensibilityGlobals) = postSolution
		SolutionGuid = {EC606241-85E2-422D-B3AF-C8B01CBE0A61}
	EndGlobalSection
EndGlobal
